
Microsoft Visual Studio Solution File, Format Version 12.00
# Visual Studio Version 17
VisualStudioVersion = 17.3.32929.385
MinimumVisualStudioVersion = 10.0.40219.1
Project("{9A19103F-16F7-4668-BE54-9A1E7A4F7556}") = "WinFormsTask1", "WinFormsTask1\WinFormsTask1.csproj", "{17F02853-8A8D-4EA8-A66C-75670FFA81E0}"
EndProject
Project("{FAE04EC0-301F-11D3-BF4B-00C04F79EFBC}") = "WinFormsTask2", "WinFormsTask2\WinFormsTask2.csproj", "{0F945BA6-B455-4A24-88F3-A5598201185A}"
EndProject
Global
	GlobalSection(SolutionConfigurationPlatforms) = preSolution
		Debug|Any CPU = Debug|Any CPU
		Release|Any CPU = Release|Any CPU
	EndGlobalSection
	GlobalSection(ProjectConfigurationPlatforms) = postSolution
		{17F02853-8A8D-4EA8-A66C-75670FFA81E0}.Debug|Any CPU.ActiveCfg = Debug|Any CPU
		{17F02853-8A8D-4EA8-A66C-75670FFA81E0}.Debug|Any CPU.Build.0 = Debug|Any CPU
		{17F02853-8A8D-4EA8-A66C-75670FFA81E0}.Release|Any CPU.ActiveCfg = Release|Any CPU
		{17F02853-8A8D-4EA8-A66C-75670FFA81E0}.Release|Any CPU.Build.0 = Release|Any CPU
		{0F945BA6-B455-4A24-88F3-A5598201185A}.Debug|Any CPU.ActiveCfg = Debug|Any CPU
		{0F945BA6-B455-4A24-88F3-A5598201185A}.Debug|Any CPU.Build.0 = Debug|Any CPU
		{0F945BA6-B455-4A24-88F3-A5598201185A}.Release|Any CPU.ActiveCfg = Release|Any CPU
		{0F945BA6-B455-4A24-88F3-A5598201185A}.Release|Any CPU.Build.0 = Release|Any CPU
	EndGlobalSection
	GlobalSection(SolutionProperties) = preSolution
		HideSolutionNode = FALSE
	EndGlobalSection
	GlobalSection(ExtensibilityGlobals) = postSolution
		SolutionGuid = {099D00C4-B433-40D8-9D87-CEF401B0CDE8}
	EndGlobalSection
EndGlobal
